// !$*UTF8*$!
{
	archiveVersion = 1;
	classes = {
	};
	objectVersion = 56;
	objects = {

/* Begin PBXBuildFile section */
		E156926028CF2A59003D2571 /* AppDelegate.swift in Sources */ = {isa = PBXBuildFile; fileRef = E156925F28CF2A59003D2571 /* AppDelegate.swift */; };
		E156926228CF2A59003D2571 /* SceneDelegate.swift in Sources */ = {isa = PBXBuildFile; fileRef = E156926128CF2A59003D2571 /* SceneDelegate.swift */; };
		E156926428CF2A59003D2571 /* ViewController.swift in Sources */ = {isa = PBXBuildFile; fileRef = E156926328CF2A59003D2571 /* ViewController.swift */; };
		E156926728CF2A59003D2571 /* Main.storyboard in Resources */ = {isa = PBXBuildFile; fileRef = E156926528CF2A59003D2571 /* Main.storyboard */; };
		E156926A28CF2A59003D2571 /* AVSpeechSynthesizer.xcdatamodeld in Sources */ = {isa = PBXBuildFile; fileRef = E156926828CF2A59003D2571 /* AVSpeechSynthesizer.xcdatamodeld */; };
		E156926C28CF2A5D003D2571 /* Assets.xcassets in Resources */ = {isa = PBXBuildFile; fileRef = E156926B28CF2A5D003D2571 /* Assets.xcassets */; };
		E156926F28CF2A5D003D2571 /* LaunchScreen.storyboard in Resources */ = {isa = PBXBuildFile; fileRef = E156926D28CF2A5D003D2571 /* LaunchScreen.storyboard */; };
		E156927A28CF2A5E003D2571 /* AVSpeechSynthesizerTests.swift in Sources */ = {isa = PBXBuildFile; fileRef = E156927928CF2A5E003D2571 /* AVSpeechSynthesizerTests.swift */; };
		E156928428CF2A5E003D2571 /* AVSpeechSynthesizerUITests.swift in Sources */ = {isa = PBXBuildFile; fileRef = E156928328CF2A5E003D2571 /* AVSpeechSynthesizerUITests.swift */; };
		E156928628CF2A5E003D2571 /* AVSpeechSynthesizerUITestsLaunchTests.swift in Sources */ = {isa = PBXBuildFile; fileRef = E156928528CF2A5E003D2571 /* AVSpeechSynthesizerUITestsLaunchTests.swift */; };
/* End PBXBuildFile section */

/* Begin PBXContainerItemProxy section */
		E156927628CF2A5E003D2571 /* PBXContainerItemProxy */ = {
			isa = PBXContainerItemProxy;
			containerPortal = E156925428CF2A59003D2571 /* Project object */;
			proxyType = 1;
			remoteGlobalIDString = E156925B28CF2A59003D2571;
			remoteInfo = AVSpeechSynthesizer;
		};
		E156928028CF2A5E003D2571 /* PBXContainerItemProxy */ = {
			isa = PBXContainerItemProxy;
			containerPortal = E156925428CF2A59003D2571 /* Project object */;
			proxyType = 1;
			remoteGlobalIDString = E156925B28CF2A59003D2571;
			remoteInfo = AVSpeechSynthesizer;
		};
/* End PBXContainerItemProxy section */

/* Begin PBXFileReference section */
		E156925C28CF2A59003D2571 /* AVSpeechSynthesizer.app */ = {isa = PBXFileReference; explicitFileType = wrapper.application; includeInIndex = 0; path = AVSpeechSynthesizer.app; sourceTree = BUILT_PRODUCTS_DIR; };
		E156925F28CF2A59003D2571 /* AppDelegate.swift */ = {isa = PBXFileReference; lastKnownFileType = sourcecode.swift; path = AppDelegate.swift; sourceTree = "<group>"; };
		E156926128CF2A59003D2571 /* SceneDelegate.swift */ = {isa = PBXFileReference; lastKnownFileType = sourcecode.swift; path = SceneDelegate.swift; sourceTree = "<group>"; };
		E156926328CF2A59003D2571 /* ViewController.swift */ = {isa = PBXFileReference; lastKnownFileType = sourcecode.swift; path = ViewController.swift; sourceTree = "<group>"; };
		E156926628CF2A59003D2571 /* Base */ = {isa = PBXFileReference; lastKnownFileType = file.storyboard; name = Base; path = Base.lproj/Main.storyboard; sourceTree = "<group>"; };
		E156926928CF2A59003D2571 /* AVSpeechSynthesizer.xcdatamodel */ = {isa = PBXFileReference; lastKnownFileType = wrapper.xcdatamodel; path = AVSpeechSynthesizer.xcdatamodel; sourceTree = "<group>"; };
		E156926B28CF2A5D003D2571 /* Assets.xcassets */ = {isa = PBXFileReference; lastKnownFileType = folder.assetcatalog; path = Assets.xcassets; sourceTree = "<group>"; };
		E156926E28CF2A5D003D2571 /* Base */ = {isa = PBXFileReference; lastKnownFileType = file.storyboard; name = Base; path = Base.lproj/LaunchScreen.storyboard; sourceTree = "<group>"; };
		E156927028CF2A5D003D2571 /* Info.plist */ = {isa = PBXFileReference; lastKnownFileType = text.plist.xml; path = Info.plist; sourceTree = "<group>"; };
		E156927528CF2A5E003D2571 /* AVSpeechSynthesizerTests.xctest */ = {isa = PBXFileReference; explicitFileType = wrapper.cfbundle; includeInIndex = 0; path = AVSpeechSynthesizerTests.xctest; sourceTree = BUILT_PRODUCTS_DIR; };
		E156927928CF2A5E003D2571 /* AVSpeechSynthesizerTests.swift */ = {isa = PBXFileReference; lastKnownFileType = sourcecode.swift; path = AVSpeechSynthesizerTests.swift; sourceTree = "<group>"; };
		E156927F28CF2A5E003D2571 /* AVSpeechSynthesizerUITests.xctest */ = {isa = PBXFileReference; explicitFileType = wrapper.cfbundle; includeInIndex = 0; path = AVSpeechSynthesizerUITests.xctest; sourceTree = BUILT_PRODUCTS_DIR; };
		E156928328CF2A5E003D2571 /* AVSpeechSynthesizerUITests.swift */ = {isa = PBXFileReference; lastKnownFileType = sourcecode.swift; path = AVSpeechSynthesizerUITests.swift; sourceTree = "<group>"; };
		E156928528CF2A5E003D2571 /* AVSpeechSynthesizerUITestsLaunchTests.swift */ = {isa = PBXFileReference; lastKnownFileType = sourcecode.swift; path = AVSpeechSynthesizerUITestsLaunchTests.swift; sourceTree = "<group>"; };
/* End PBXFileReference section */

/* Begin PBXFrameworksBuildPhase section */
		E156925928CF2A59003D2571 /* Frameworks */ = {
			isa = PBXFrameworksBuildPhase;
			buildActionMask = 2147483647;
			files = (
			);
			runOnlyForDeploymentPostprocessing = 0;
		};
		E156927228CF2A5E003D2571 /* Frameworks */ = {
			isa = PBXFrameworksBuildPhase;
			buildActionMask = 2147483647;
			files = (
			);
			runOnlyForDeploymentPostprocessing = 0;
		};
		E156927C28CF2A5E003D2571 /* Frameworks */ = {
			isa = PBXFrameworksBuildPhase;
			buildActionMask = 2147483647;
			files = (
			);
			runOnlyForDeploymentPostprocessing = 0;
		};
/* End PBXFrameworksBuildPhase section */

/* Begin PBXGroup section */
		E156925328CF2A59003D2571 = {
			isa = PBXGroup;
			children = (
				E156925E28CF2A59003D2571 /* AVSpeechSynthesizer */,
				E156927828CF2A5E003D2571 /* AVSpeechSynthesizerTests */,
				E156928228CF2A5E003D2571 /* AVSpeechSynthesizerUITests */,
				E156925D28CF2A59003D2571 /* Products */,
			);
			sourceTree = "<group>";
		};
		E156925D28CF2A59003D2571 /* Products */ = {
			isa = PBXGroup;
			children = (
				E156925C28CF2A59003D2571 /* AVSpeechSynthesizer.app */,
				E156927528CF2A5E003D2571 /* AVSpeechSynthesizerTests.xctest */,
				E156927F28CF2A5E003D2571 /* AVSpeechSynthesizerUITests.xctest */,
			);
			name = Products;
			sourceTree = "<group>";
		};
		E156925E28CF2A59003D2571 /* AVSpeechSynthesizer */ = {
			isa = PBXGroup;
			children = (
				E156925F28CF2A59003D2571 /* AppDelegate.swift */,
				E156926128CF2A59003D2571 /* SceneDelegate.swift */,
				E156926328CF2A59003D2571 /* ViewController.swift */,
				E156926528CF2A59003D2571 /* Main.storyboard */,
				E156926B28CF2A5D003D2571 /* Assets.xcassets */,
				E156926D28CF2A5D003D2571 /* LaunchScreen.storyboard */,
				E156927028CF2A5D003D2571 /* Info.plist */,
				E156926828CF2A59003D2571 /* AVSpeechSynthesizer.xcdatamodeld */,
			);
			path = AVSpeechSynthesizer;
			sourceTree = "<group>";
		};
		E156927828CF2A5E003D2571 /* AVSpeechSynthesizerTests */ = {
			isa = PBXGroup;
			children = (
				E156927928CF2A5E003D2571 /* AVSpeechSynthesizerTests.swift */,
			);
			path = AVSpeechSynthesizerTests;
			sourceTree = "<group>";
		};
		E156928228CF2A5E003D2571 /* AVSpeechSynthesizerUITests */ = {
			isa = PBXGroup;
			children = (
				E156928328CF2A5E003D2571 /* AVSpeechSynthesizerUITests.swift */,
				E156928528CF2A5E003D2571 /* AVSpeechSynthesizerUITestsLaunchTests.swift */,
			);
			path = AVSpeechSynthesizerUITests;
			sourceTree = "<group>";
		};
/* End PBXGroup section */

/* Begin PBXNativeTarget section */
		E156925B28CF2A59003D2571 /* AVSpeechSynthesizer */ = {
			isa = PBXNativeTarget;
			buildConfigurationList = E156928928CF2A5E003D2571 /* Build configuration list for PBXNativeTarget "AVSpeechSynthesizer" */;
			buildPhases = (
				E156925828CF2A59003D2571 /* Sources */,
				E156925928CF2A59003D2571 /* Frameworks */,
				E156925A28CF2A59003D2571 /* Resources */,
			);
			buildRules = (
			);
			dependencies = (
			);
			name = AVSpeechSynthesizer;
			productName = AVSpeechSynthesizer;
			productReference = E156925C28CF2A59003D2571 /* AVSpeechSynthesizer.app */;
			productType = "com.apple.product-type.application";
		};
		E156927428CF2A5E003D2571 /* AVSpeechSynthesizerTests */ = {
			isa = PBXNativeTarget;
			buildConfigurationList = E156928C28CF2A5E003D2571 /* Build configuration list for PBXNativeTarget "AVSpeechSynthesizerTests" */;
			buildPhases = (
				E156927128CF2A5E003D2571 /* Sources */,
				E156927228CF2A5E003D2571 /* Frameworks */,
				E156927328CF2A5E003D2571 /* Resources */,
			);
			buildRules = (
			);
			dependencies = (
				E156927728CF2A5E003D2571 /* PBXTargetDependency */,
			);
			name = AVSpeechSynthesizerTests;
			productName = AVSpeechSynthesizerTests;
			productReference = E156927528CF2A5E003D2571 /* AVSpeechSynthesizerTests.xctest */;
			productType = "com.apple.product-type.bundle.unit-test";
		};
		E156927E28CF2A5E003D2571 /* AVSpeechSynthesizerUITests */ = {
			isa = PBXNativeTarget;
			buildConfigurationList = E156928F28CF2A5E003D2571 /* Build configuration list for PBXNativeTarget "AVSpeechSynthesizerUITests" */;
			buildPhases = (
				E156927B28CF2A5E003D2571 /* Sources */,
				E156927C28CF2A5E003D2571 /* Frameworks */,
				E156927D28CF2A5E003D2571 /* Resources */,
			);
			buildRules = (
			);
			dependencies = (
				E156928128CF2A5E003D2571 /* PBXTargetDependency */,
			);
			name = AVSpeechSynthesizerUITests;
			productName = AVSpeechSynthesizerUITests;
			productReference = E156927F28CF2A5E003D2571 /* AVSpeechSynthesizerUITests.xctest */;
			productType = "com.apple.product-type.bundle.ui-testing";
		};
/* End PBXNativeTarget section */

/* Begin PBXProject section */
		E156925428CF2A59003D2571 /* Project object */ = {
			isa = PBXProject;
			attributes = {
				BuildIndependentTargetsInParallel = 1;
				LastSwiftUpdateCheck = 1400;
				LastUpgradeCheck = 1400;
				TargetAttributes = {
					E156925B28CF2A59003D2571 = {
						CreatedOnToolsVersion = 14.0;
					};
					E156927428CF2A5E003D2571 = {
						CreatedOnToolsVersion = 14.0;
						TestTargetID = E156925B28CF2A59003D2571;
					};
					E156927E28CF2A5E003D2571 = {
						CreatedOnToolsVersion = 14.0;
						TestTargetID = E156925B28CF2A59003D2571;
					};
				};
			};
			buildConfigurationList = E156925728CF2A59003D2571 /* Build configuration list for PBXProject "AVSpeechSynthesizer" */;
			compatibilityVersion = "Xcode 14.0";
			developmentRegion = en;
			hasScannedForEncodings = 0;
			knownRegions = (
				en,
				Base,
			);
			mainGroup = E156925328CF2A59003D2571;
			productRefGroup = E156925D28CF2A59003D2571 /* Products */;
			projectDirPath = "";
			projectRoot = "";
			targets = (
				E156925B28CF2A59003D2571 /* AVSpeechSynthesizer */,
				E156927428CF2A5E003D2571 /* AVSpeechSynthesizerTests */,
				E156927E28CF2A5E003D2571 /* AVSpeechSynthesizerUITests */,
			);
		};
/* End PBXProject section */

/* Begin PBXResourcesBuildPhase section */
		E156925A28CF2A59003D2571 /* Resources */ = {
			isa = PBXResourcesBuildPhase;
			buildActionMask = 2147483647;
			files = (
				E156926F28CF2A5D003D2571 /* LaunchScreen.storyboard in Resources */,
				E156926C28CF2A5D003D2571 /* Assets.xcassets in Resources */,
				E156926728CF2A59003D2571 /* Main.storyboard in Resources */,
			);
			runOnlyForDeploymentPostprocessing = 0;
		};
		E156927328CF2A5E003D2571 /* Resources */ = {
			isa = PBXResourcesBuildPhase;
			buildActionMask = 2147483647;
			files = (
			);
			runOnlyForDeploymentPostprocessing = 0;
		};
		E156927D28CF2A5E003D2571 /* Resources */ = {
			isa = PBXResourcesBuildPhase;
			buildActionMask = 2147483647;
			files = (
			);
			runOnlyForDeploymentPostprocessing = 0;
		};
/* End PBXResourcesBuildPhase section */

/* Begin PBXSourcesBuildPhase section */
		E156925828CF2A59003D2571 /* Sources */ = {
			isa = PBXSourcesBuildPhase;
			buildActionMask = 2147483647;
			files = (
				E156926428CF2A59003D2571 /* ViewController.swift in Sources */,
				E156926028CF2A59003D2571 /* AppDelegate.swift in Sources */,
				E156926A28CF2A59003D2571 /* AVSpeechSynthesizer.xcdatamodeld in Sources */,
				E156926228CF2A59003D2571 /* SceneDelegate.swift in Sources */,
			);
			runOnlyForDeploymentPostprocessing = 0;
		};
		E156927128CF2A5E003D2571 /* Sources */ = {
			isa = PBXSourcesBuildPhase;
			buildActionMask = 2147483647;
			files = (
				E156927A28CF2A5E003D2571 /* AVSpeechSynthesizerTests.swift in Sources */,
			);
			runOnlyForDeploymentPostprocessing = 0;
		};
		E156927B28CF2A5E003D2571 /* Sources */ = {
			isa = PBXSourcesBuildPhase;
			buildActionMask = 2147483647;
			files = (
				E156928628CF2A5E003D2571 /* AVSpeechSynthesizerUITestsLaunchTests.swift in Sources */,
				E156928428CF2A5E003D2571 /* AVSpeechSynthesizerUITests.swift in Sources */,
			);
			runOnlyForDeploymentPostprocessing = 0;
		};
/* End PBXSourcesBuildPhase section */

/* Begin PBXTargetDependency section */
		E156927728CF2A5E003D2571 /* PBXTargetDependency */ = {
			isa = PBXTargetDependency;
			target = E156925B28CF2A59003D2571 /* AVSpeechSynthesizer */;
			targetProxy = E156927628CF2A5E003D2571 /* PBXContainerItemProxy */;
		};
		E156928128CF2A5E003D2571 /* PBXTargetDependency */ = {
			isa = PBXTargetDependency;
			target = E156925B28CF2A59003D2571 /* AVSpeechSynthesizer */;
			targetProxy = E156928028CF2A5E003D2571 /* PBXContainerItemProxy */;
		};
/* End PBXTargetDependency section */

/* Begin PBXVariantGroup section */
		E156926528CF2A59003D2571 /* Main.storyboard */ = {
			isa = PBXVariantGroup;
			children = (
				E156926628CF2A59003D2571 /* Base */,
			);
			name = Main.storyboard;
			sourceTree = "<group>";
		};
		E156926D28CF2A5D003D2571 /* LaunchScreen.storyboard */ = {
			isa = PBXVariantGroup;
			children = (
				E156926E28CF2A5D003D2571 /* Base */,
			);
			name = LaunchScreen.storyboard;
			sourceTree = "<group>";
		};
/* End PBXVariantGroup section */

/* Begin XCBuildConfiguration section */
		E156928728CF2A5E003D2571 /* Debug */ = {
			isa = XCBuildConfiguration;
			buildSettings = {
				ALWAYS_SEARCH_USER_PATHS = NO;
				CLANG_ANALYZER_NONNULL = YES;
				CLANG_ANALYZER_NUMBER_OBJECT_CONVERSION = YES_AGGRESSIVE;
				CLANG_CXX_LANGUAGE_STANDARD = "gnu++20";
				CLANG_ENABLE_MODULES = YES;
				CLANG_ENABLE_OBJC_ARC = YES;
				CLANG_ENABLE_OBJC_WEAK = YES;
				CLANG_WARN_BLOCK_CAPTURE_AUTORELEASING = YES;
				CLANG_WARN_BOOL_CONVERSION = YES;
				CLANG_WARN_COMMA = YES;
				CLANG_WARN_CONSTANT_CONVERSION = YES;
				CLANG_WARN_DEPRECATED_OBJC_IMPLEMENTATIONS = YES;
				CLANG_WARN_DIRECT_OBJC_ISA_USAGE = YES_ERROR;
				CLANG_WARN_DOCUMENTATION_COMMENTS = YES;
				CLANG_WARN_EMPTY_BODY = YES;
				CLANG_WARN_ENUM_CONVERSION = YES;
				CLANG_WARN_INFINITE_RECURSION = YES;
				CLANG_WARN_INT_CONVERSION = YES;
				CLANG_WARN_NON_LITERAL_NULL_CONVERSION = YES;
				CLANG_WARN_OBJC_IMPLICIT_RETAIN_SELF = YES;
				CLANG_WARN_OBJC_LITERAL_CONVERSION = YES;
				CLANG_WARN_OBJC_ROOT_CLASS = YES_ERROR;
				CLANG_WARN_QUOTED_INCLUDE_IN_FRAMEWORK_HEADER = YES;
				CLANG_WARN_RANGE_LOOP_ANALYSIS = YES;
				CLANG_WARN_STRICT_PROTOTYPES = YES;
				CLANG_WARN_SUSPICIOUS_MOVE = YES;
				CLANG_WARN_UNGUARDED_AVAILABILITY = YES_AGGRESSIVE;
				CLANG_WARN_UNREACHABLE_CODE = YES;
				CLANG_WARN__DUPLICATE_METHOD_MATCH = YES;
				COPY_PHASE_STRIP = NO;
				DEBUG_INFORMATION_FORMAT = dwarf;
				ENABLE_STRICT_OBJC_MSGSEND = YES;
				ENABLE_TESTABILITY = YES;
				GCC_C_LANGUAGE_STANDARD = gnu11;
				GCC_DYNAMIC_NO_PIC = NO;
				GCC_NO_COMMON_BLOCKS = YES;
				GCC_OPTIMIZATION_LEVEL = 0;
				GCC_PREPROCESSOR_DEFINITIONS = (
					"DEBUG=1",
					"$(inherited)",
				);
				GCC_WARN_64_TO_32_BIT_CONVERSION = YES;
				GCC_WARN_ABOUT_RETURN_TYPE = YES_ERROR;
				GCC_WARN_UNDECLARED_SELECTOR = YES;
				GCC_WARN_UNINITIALIZED_AUTOS = YES_AGGRESSIVE;
				GCC_WARN_UNUSED_FUNCTION = YES;
				GCC_WARN_UNUSED_VARIABLE = YES;
				IPHONEOS_DEPLOYMENT_TARGET = 16.0;
				MTL_ENABLE_DEBUG_INFO = INCLUDE_SOURCE;
				MTL_FAST_MATH = YES;
				ONLY_ACTIVE_ARCH = YES;
				SDKROOT = iphoneos;
				SWIFT_ACTIVE_COMPILATION_CONDITIONS = DEBUG;
				SWIFT_OPTIMIZATION_LEVEL = "-Onone";
			};
			name = Debug;
		};
		E156928828CF2A5E003D2571 /* Release */ = {
			isa = XCBuildConfiguration;
			buildSettings = {
				ALWAYS_SEARCH_USER_PATHS = NO;
				CLANG_ANALYZER_NONNULL = YES;
				CLANG_ANALYZER_NUMBER_OBJECT_CONVERSION = YES_AGGRESSIVE;
				CLANG_CXX_LANGUAGE_STANDARD = "gnu++20";
				CLANG_ENABLE_MODULES = YES;
				CLANG_ENABLE_OBJC_ARC = YES;
				CLANG_ENABLE_OBJC_WEAK = YES;
				CLANG_WARN_BLOCK_CAPTURE_AUTORELEASING = YES;
				CLANG_WARN_BOOL_CONVERSION = YES;
				CLANG_WARN_COMMA = YES;
				CLANG_WARN_CONSTANT_CONVERSION = YES;
				CLANG_WARN_DEPRECATED_OBJC_IMPLEMENTATIONS = YES;
				CLANG_WARN_DIRECT_OBJC_ISA_USAGE = YES_ERROR;
				CLANG_WARN_DOCUMENTATION_COMMENTS = YES;
				CLANG_WARN_EMPTY_BODY = YES;
				CLANG_WARN_ENUM_CONVERSION = YES;
				CLANG_WARN_INFINITE_RECURSION = YES;
				CLANG_WARN_INT_CONVERSION = YES;
				CLANG_WARN_NON_LITERAL_NULL_CONVERSION = YES;
				CLANG_WARN_OBJC_IMPLICIT_RETAIN_SELF = YES;
				CLANG_WARN_OBJC_LITERAL_CONVERSION = YES;
				CLANG_WARN_OBJC_ROOT_CLASS = YES_ERROR;
				CLANG_WARN_QUOTED_INCLUDE_IN_FRAMEWORK_HEADER = YES;
				CLANG_WARN_RANGE_LOOP_ANALYSIS = YES;
				CLANG_WARN_STRICT_PROTOTYPES = YES;
				CLANG_WARN_SUSPICIOUS_MOVE = YES;
				CLANG_WARN_UNGUARDED_AVAILABILITY = YES_AGGRESSIVE;
				CLANG_WARN_UNREACHABLE_CODE = YES;
				CLANG_WARN__DUPLICATE_METHOD_MATCH = YES;
				COPY_PHASE_STRIP = NO;
				DEBUG_INFORMATION_FORMAT = "dwarf-with-dsym";
				ENABLE_NS_ASSERTIONS = NO;
				ENABLE_STRICT_OBJC_MSGSEND = YES;
				GCC_C_LANGUAGE_STANDARD = gnu11;
				GCC_NO_COMMON_BLOCKS = YES;
				GCC_WARN_64_TO_32_BIT_CONVERSION = YES;
				GCC_WARN_ABOUT_RETURN_TYPE = YES_ERROR;
				GCC_WARN_UNDECLARED_SELECTOR = YES;
				GCC_WARN_UNINITIALIZED_AUTOS = YES_AGGRESSIVE;
				GCC_WARN_UNUSED_FUNCTION = YES;
				GCC_WARN_UNUSED_VARIABLE = YES;
				IPHONEOS_DEPLOYMENT_TARGET = 16.0;
				MTL_ENABLE_DEBUG_INFO = NO;
				MTL_FAST_MATH = YES;
				SDKROOT = iphoneos;
				SWIFT_COMPILATION_MODE = wholemodule;
				SWIFT_OPTIMIZATION_LEVEL = "-O";
				VALIDATE_PRODUCT = YES;
			};
			name = Release;
		};
		E156928A28CF2A5E003D2571 /* Debug */ = {
			isa = XCBuildConfiguration;
			buildSettings = {
				ASSETCATALOG_COMPILER_APPICON_NAME = AppIcon;
				ASSETCATALOG_COMPILER_GLOBAL_ACCENT_COLOR_NAME = AccentColor;
				CODE_SIGN_STYLE = Automatic;
				CURRENT_PROJECT_VERSION = 1;
				DEVELOPMENT_TEAM = 9APJ4LMH7V;
				GENERATE_INFOPLIST_FILE = YES;
				INFOPLIST_FILE = AVSpeechSynthesizer/Info.plist;
				INFOPLIST_KEY_UIApplicationSupportsIndirectInputEvents = YES;
				INFOPLIST_KEY_UILaunchStoryboardName = LaunchScreen;
				INFOPLIST_KEY_UIMainStoryboardFile = Main;
				INFOPLIST_KEY_UISupportedInterfaceOrientations_iPad = "UIInterfaceOrientationPortrait UIInterfaceOrientationPortraitUpsideDown UIInterfaceOrientationLandscapeLeft UIInterfaceOrientationLandscapeRight";
				INFOPLIST_KEY_UISupportedInterfaceOrientations_iPhone = "UIInterfaceOrientationPortrait UIInterfaceOrientationLandscapeLeft UIInterfaceOrientationLandscapeRight";
				LD_RUNPATH_SEARCH_PATHS = (
					"$(inherited)",
					"@executable_path/Frameworks",
				);
				MARKETING_VERSION = 1.0;
				PRODUCT_BUNDLE_IDENTIFIER = com.robert.AVSpeechSynthesizer;
				PRODUCT_NAME = "$(TARGET_NAME)";
				SWIFT_EMIT_LOC_STRINGS = YES;
				SWIFT_VERSION = 5.0;
				TARGETED_DEVICE_FAMILY = "1,2";
			};
			name = Debug;
		};
		E156928B28CF2A5E003D2571 /* Release */ = {
			isa = XCBuildConfiguration;
			buildSettings = {
				ASSETCATALOG_COMPILER_APPICON_NAME = AppIcon;
				ASSETCATALOG_COMPILER_GLOBAL_ACCENT_COLOR_NAME = AccentColor;
				CODE_SIGN_STYLE = Automatic;
				CURRENT_PROJECT_VERSION = 1;
				DEVELOPMENT_TEAM = 9APJ4LMH7V;
				GENERATE_INFOPLIST_FILE = YES;
				INFOPLIST_FILE = AVSpeechSynthesizer/Info.plist;
				INFOPLIST_KEY_UIApplicationSupportsIndirectInputEvents = YES;
				INFOPLIST_KEY_UILaunchStoryboardName = LaunchScreen;
				INFOPLIST_KEY_UIMainStoryboardFile = Main;
				INFOPLIST_KEY_UISupportedInterfaceOrientations_iPad = "UIInterfaceOrientationPortrait UIInterfaceOrientationPortraitUpsideDown UIInterfaceOrientationLandscapeLeft UIInterfaceOrientationLandscapeRight";
				INFOPLIST_KEY_UISupportedInterfaceOrientations_iPhone = "UIInterfaceOrientationPortrait UIInterfaceOrientationLandscapeLeft UIInterfaceOrientationLandscapeRight";
				LD_RUNPATH_SEARCH_PATHS = (
					"$(inherited)",
					"@executable_path/Frameworks",
				);
				MARKETING_VERSION = 1.0;
				PRODUCT_BUNDLE_IDENTIFIER = com.robert.AVSpeechSynthesizer;
				PRODUCT_NAME = "$(TARGET_NAME)";
				SWIFT_EMIT_LOC_STRINGS = YES;
				SWIFT_VERSION = 5.0;
				TARGETED_DEVICE_FAMILY = "1,2";
			};
			name = Release;
		};
		E156928D28CF2A5E003D2571 /* Debug */ = {
			isa = XCBuildConfiguration;
			buildSettings = {
				ALWAYS_EMBED_SWIFT_STANDARD_LIBRARIES = YES;
				BUNDLE_LOADER = "$(TEST_HOST)";
				CODE_SIGN_STYLE = Automatic;
				CURRENT_PROJECT_VERSION = 1;
				DEVELOPMENT_TEAM = 9APJ4LMH7V;
				GENERATE_INFOPLIST_FILE = YES;
				IPHONEOS_DEPLOYMENT_TARGET = 16.0;
				MARKETING_VERSION = 1.0;
				PRODUCT_BUNDLE_IDENTIFIER = com.robert.AVSpeechSynthesizerTests;
				PRODUCT_NAME = "$(TARGET_NAME)";
				SWIFT_EMIT_LOC_STRINGS = NO;
				SWIFT_VERSION = 5.0;
				TARGETED_DEVICE_FAMILY = "1,2";
				TEST_HOST = "$(BUILT_PRODUCTS_DIR)/AVSpeechSynthesizer.app/$(BUNDLE_EXECUTABLE_FOLDER_PATH)/AVSpeechSynthesizer";
			};
			name = Debug;
		};
		E156928E28CF2A5E003D2571 /* Release */ = {
			isa = XCBuildConfiguration;
			buildSettings = {
				ALWAYS_EMBED_SWIFT_STANDARD_LIBRARIES = YES;
				BUNDLE_LOADER = "$(TEST_HOST)";
				CODE_SIGN_STYLE = Automatic;
				CURRENT_PROJECT_VERSION = 1;
				DEVELOPMENT_TEAM = 9APJ4LMH7V;
				GENERATE_INFOPLIST_FILE = YES;
				IPHONEOS_DEPLOYMENT_TARGET = 16.0;
				MARKETING_VERSION = 1.0;
				PRODUCT_BUNDLE_IDENTIFIER = com.robert.AVSpeechSynthesizerTests;
				PRODUCT_NAME = "$(TARGET_NAME)";
				SWIFT_EMIT_LOC_STRINGS = NO;
				SWIFT_VERSION = 5.0;
				TARGETED_DEVICE_FAMILY = "1,2";
				TEST_HOST = "$(BUILT_PRODUCTS_DIR)/AVSpeechSynthesizer.app/$(BUNDLE_EXECUTABLE_FOLDER_PATH)/AVSpeechSynthesizer";
			};
			name = Release;
		};
		E156929028CF2A5E003D2571 /* Debug */ = {
			isa = XCBuildConfiguration;
			buildSettings = {
				ALWAYS_EMBED_SWIFT_STANDARD_LIBRARIES = YES;
				CODE_SIGN_STYLE = Automatic;
				CURRENT_PROJECT_VERSION = 1;
				DEVELOPMENT_TEAM = 9APJ4LMH7V;
				GENERATE_INFOPLIST_FILE = YES;
				MARKETING_VERSION = 1.0;
				PRODUCT_BUNDLE_IDENTIFIER = com.robert.AVSpeechSynthesizerUITests;
				PRODUCT_NAME = "$(TARGET_NAME)";
				SWIFT_EMIT_LOC_STRINGS = NO;
				SWIFT_VERSION = 5.0;
				TARGETED_DEVICE_FAMILY = "1,2";
				TEST_TARGET_NAME = AVSpeechSynthesizer;
			};
			name = Debug;
		};
		E156929128CF2A5E003D2571 /* Release */ = {
			isa = XCBuildConfiguration;
			buildSettings = {
				ALWAYS_EMBED_SWIFT_STANDARD_LIBRARIES = YES;
				CODE_SIGN_STYLE = Automatic;
				CURRENT_PROJECT_VERSION = 1;
				DEVELOPMENT_TEAM = 9APJ4LMH7V;
				GENERATE_INFOPLIST_FILE = YES;
				MARKETING_VERSION = 1.0;
				PRODUCT_BUNDLE_IDENTIFIER = com.robert.AVSpeechSynthesizerUITests;
				PRODUCT_NAME = "$(TARGET_NAME)";
				SWIFT_EMIT_LOC_STRINGS = NO;
				SWIFT_VERSION = 5.0;
				TARGETED_DEVICE_FAMILY = "1,2";
				TEST_TARGET_NAME = AVSpeechSynthesizer;
			};
			name = Release;
		};
/* End XCBuildConfiguration section */

/* Begin XCConfigurationList section */
		E156925728CF2A59003D2571 /* Build configuration list for PBXProject "AVSpeechSynthesizer" */ = {
			isa = XCConfigurationList;
			buildConfigurations = (
				E156928728CF2A5E003D2571 /* Debug */,
				E156928828CF2A5E003D2571 /* Release */,
			);
			defaultConfigurationIsVisible = 0;
			defaultConfigurationName = Release;
		};
		E156928928CF2A5E003D2571 /* Build configuration list for PBXNativeTarget "AVSpeechSynthesizer" */ = {
			isa = XCConfigurationList;
			buildConfigurations = (
				E156928A28CF2A5E003D2571 /* Debug */,
				E156928B28CF2A5E003D2571 /* Release */,
			);
			defaultConfigurationIsVisible = 0;
			defaultConfigurationName = Release;
		};
		E156928C28CF2A5E003D2571 /* Build configuration list for PBXNativeTarget "AVSpeechSynthesizerTests" */ = {
			isa = XCConfigurationList;
			buildConfigurations = (
				E156928D28CF2A5E003D2571 /* Debug */,
				E156928E28CF2A5E003D2571 /* Release */,
			);
			defaultConfigurationIsVisible = 0;
			defaultConfigurationName = Release;
		};
		E156928F28CF2A5E003D2571 /* Build configuration list for PBXNativeTarget "AVSpeechSynthesizerUITests" */ = {
			isa = XCConfigurationList;
			buildConfigurations = (
				E156929028CF2A5E003D2571 /* Debug */,
				E156929128CF2A5E003D2571 /* Release */,
			);
			defaultConfigurationIsVisible = 0;
			defaultConfigurationName = Release;
		};
/* End XCConfigurationList section */

/* Begin XCVersionGroup section */
		E156926828CF2A59003D2571 /* AVSpeechSynthesizer.xcdatamodeld */ = {
			isa = XCVersionGroup;
			children = (
				E156926928CF2A59003D2571 /* AVSpeechSynthesizer.xcdatamodel */,
			);
			currentVersion = E156926928CF2A59003D2571 /* AVSpeechSynthesizer.xcdatamodel */;
			path = AVSpeechSynthesizer.xcdatamodeld;
			sourceTree = "<group>";
			versionGroupType = wrapper.xcdatamodel;
		};
/* End XCVersionGroup section */
	};
	rootObject = E156925428CF2A59003D2571 /* Project object */;
}
